
Microsoft Visual Studio Solution File, Format Version 12.00
# Visual Studio Version 16
VisualStudioVersion = 16.0.32126.315
MinimumVisualStudioVersion = 10.0.40219.1
Project("{FAE04EC0-301F-11D3-BF4B-00C04F79EFBC}") = "01. Tiles Master", "01. Tiles Master\01. Tiles Master.csproj", "{9EBAB1B8-CFDA-4C0D-8143-8832F4F5243E}"
EndProject
Project("{FAE04EC0-301F-11D3-BF4B-00C04F79EFBC}") = "02. Wall Destroyer", "02. Wall Destroyer\02. Wall Destroyer.csproj", "{5DD959E5-4D0A-417D-9F37-2D000D871509}"
EndProject
Project("{9A19103F-16F7-4668-BE54-9A1E7A4F7556}") = "Renovators", "..\..\..\OneDrive\Desktop\New folder (2)\Renovators.csproj", "{F25BF124-DF76-4E01-ACFD-21725392481A}"
EndProject
Global
	GlobalSection(SolutionConfigurationPlatforms) = preSolution
		Debug|Any CPU = Debug|Any CPU
		Release|Any CPU = Release|Any CPU
	EndGlobalSection
	GlobalSection(ProjectConfigurationPlatforms) = postSolution
		{9EBAB1B8-CFDA-4C0D-8143-8832F4F5243E}.Debug|Any CPU.ActiveCfg = Debug|Any CPU
		{9EBAB1B8-CFDA-4C0D-8143-8832F4F5243E}.Debug|Any CPU.Build.0 = Debug|Any CPU
		{9EBAB1B8-CFDA-4C0D-8143-8832F4F5243E}.Release|Any CPU.ActiveCfg = Release|Any CPU
		{9EBAB1B8-CFDA-4C0D-8143-8832F4F5243E}.Release|Any CPU.Build.0 = Release|Any CPU
		{5DD959E5-4D0A-417D-9F37-2D000D871509}.Debug|Any CPU.ActiveCfg = Debug|Any CPU
		{5DD959E5-4D0A-417D-9F37-2D000D871509}.Debug|Any CPU.Build.0 = Debug|Any CPU
		{5DD959E5-4D0A-417D-9F37-2D000D871509}.Release|Any CPU.ActiveCfg = Release|Any CPU
		{5DD959E5-4D0A-417D-9F37-2D000D871509}.Release|Any CPU.Build.0 = Release|Any CPU
		{F25BF124-DF76-4E01-ACFD-21725392481A}.Debug|Any CPU.ActiveCfg = Debug|Any CPU
		{F25BF124-DF76-4E01-ACFD-21725392481A}.Debug|Any CPU.Build.0 = Debug|Any CPU
		{F25BF124-DF76-4E01-ACFD-21725392481A}.Release|Any CPU.ActiveCfg = Release|Any CPU
		{F25BF124-DF76-4E01-ACFD-21725392481A}.Release|Any CPU.Build.0 = Release|Any CPU
	EndGlobalSection
	GlobalSection(SolutionProperties) = preSolution
		HideSolutionNode = FALSE
	EndGlobalSection
	GlobalSection(ExtensibilityGlobals) = postSolution
		SolutionGuid = {AF704BC6-7BD7-4671-8379-74B175EAD34E}
	EndGlobalSection
EndGlobal
